
Microsoft Visual Studio Solution File, Format Version 12.00
# Visual Studio Version 17
VisualStudioVersion = 17.0.31903.59
MinimumVisualStudioVersion = 10.0.40219.1
Project("{2150E333-8FDC-42A3-9474-1A3956D46DE8}") = "src", "src", "{5CC847EA-B1D1-4424-97E3-D60FBDF822BF}"
EndProject
Project("{FAE04EC0-301F-11D3-BF4B-00C04F79EFBC}") = "Public.Api", "src\Public.Api\Public.Api.csproj", "{F7476649-2C9B-40BF-B155-197106182053}"
EndProject
Global
	GlobalSection(SolutionConfigurationPlatforms) = preSolution
		Debug|Any CPU = Debug|Any CPU
		Release|Any CPU = Release|Any CPU
	EndGlobalSection
	GlobalSection(SolutionProperties) = preSolution
		HideSolutionNode = FALSE
	EndGlobalSection
	GlobalSection(NestedProjects) = preSolution
		{F7476649-2C9B-40BF-B155-197106182053} = {5CC847EA-B1D1-4424-97E3-D60FBDF822BF}
	EndGlobalSection
	GlobalSection(ProjectConfigurationPlatforms) = postSolution
		{F7476649-2C9B-40BF-B155-197106182053}.Debug|Any CPU.ActiveCfg = Debug|Any CPU
		{F7476649-2C9B-40BF-B155-197106182053}.Debug|Any CPU.Build.0 = Debug|Any CPU
		{F7476649-2C9B-40BF-B155-197106182053}.Release|Any CPU.ActiveCfg = Release|Any CPU
		{F7476649-2C9B-40BF-B155-197106182053}.Release|Any CPU.Build.0 = Release|Any CPU
	EndGlobalSection
EndGlobal
